
Microsoft Visual Studio Solution File, Format Version 11.00
# Visual C# Express 2010
Project("{FAE04EC0-301F-11D3-BF4B-00C04F79EFBC}") = "CodeMercury", "CodeMercury\CodeMercury.csproj", "{DFBAD5A6-858B-4295-8CF8-07F9112966EC}"
EndProject
Global
	GlobalSection(SolutionConfigurationPlatforms) = preSolution
		Debug|Any CPU = Debug|Any CPU
		Debug|Mixed Platforms = Debug|Mixed Platforms
		Debug|x86 = Debug|x86
		Release|Any CPU = Release|Any CPU
		Release|Mixed Platforms = Release|Mixed Platforms
		Release|x86 = Release|x86
	EndGlobalSection
	GlobalSection(ProjectConfigurationPlatforms) = postSolution
		{DFBAD5A6-858B-4295-8CF8-07F9112966EC}.Debug|Any CPU.ActiveCfg = Debug|Any CPU
		{DFBAD5A6-858B-4295-8CF8-07F9112966EC}.Debug|Any CPU.Build.0 = Debug|Any CPU
		{DFBAD5A6-858B-4295-8CF8-07F9112966EC}.Debug|Mixed Platforms.ActiveCfg = Debug|Any CPU
		{DFBAD5A6-858B-4295-8CF8-07F9112966EC}.Debug|Mixed Platforms.Build.0 = Debug|Any CPU
		{DFBAD5A6-858B-4295-8CF8-07F9112966EC}.Debug|x86.ActiveCfg = Debug|Any CPU
		{DFBAD5A6-858B-4295-8CF8-07F9112966EC}.Release|Any CPU.ActiveCfg = Release|Any CPU
		{DFBAD5A6-858B-4295-8CF8-07F9112966EC}.Release|Any CPU.Build.0 = Release|Any CPU
		{DFBAD5A6-858B-4295-8CF8-07F9112966EC}.Release|Mixed Platforms.ActiveCfg = Release|Any CPU
		{DFBAD5A6-858B-4295-8CF8-07F9112966EC}.Release|Mixed Platforms.Build.0 = Release|Any CPU
		{DFBAD5A6-858B-4295-8CF8-07F9112966EC}.Release|x86.ActiveCfg = Release|Any CPU
	EndGlobalSection
	GlobalSection(SolutionProperties) = preSolution
		HideSolutionNode = FALSE
	EndGlobalSection
EndGlobal
