
Microsoft Visual Studio Solution File, Format Version 12.00
# Visual Studio Express 2013 for Windows Desktop
VisualStudioVersion = 12.0.31101.0
MinimumVisualStudioVersion = 10.0.40219.1
Project("{FAE04EC0-301F-11D3-BF4B-00C04F79EFBC}") = "CodeMercury", "CodeMercury\CodeMercury.csproj", "{3E0B87DC-F885-445E-B41B-FAD6C6120519}"
EndProject
Project("{FAE04EC0-301F-11D3-BF4B-00C04F79EFBC}") = "CodeMercury.WebApi", "CodeMercury.WebApi\CodeMercury.WebApi.csproj", "{68292991-4580-4997-AAFF-E32077161323}"
EndProject
Project("{FAE04EC0-301F-11D3-BF4B-00C04F79EFBC}") = "Example", "Example\Example.csproj", "{826A0060-99A7-4E25-AB21-69710015353E}"
EndProject
Project("{2150E333-8FDC-42A3-9474-1A3956D46DE8}") = ".nuget", ".nuget", "{BDF604AF-1A73-45B2-8B81-509272A83E5B}"
	ProjectSection(SolutionItems) = preProject
		.nuget\NuGet.Config = .nuget\NuGet.Config
		.nuget\NuGet.exe = .nuget\NuGet.exe
		.nuget\NuGet.targets = .nuget\NuGet.targets
	EndProjectSection
EndProject
Project("{FAE04EC0-301F-11D3-BF4B-00C04F79EFBC}") = "CodeMercury.WebApi.Models", "CodeMercury.WebApi.Models\CodeMercury.WebApi.Models.csproj", "{39148646-7D76-4D5A-B8E4-4E582AC3ACEF}"
EndProject
Project("{FAE04EC0-301F-11D3-BF4B-00C04F79EFBC}") = "CodeMercury.Tests", "CodeMercury.Tests\CodeMercury.Tests.csproj", "{37CD1B13-6982-45E5-A771-058E944D38E0}"
EndProject
Project("{FAE04EC0-301F-11D3-BF4B-00C04F79EFBC}") = "CodeMercury.Domain.Models", "CodeMercury.Domain.Models\CodeMercury.Domain.Models.csproj", "{881FC969-B563-4F33-A555-E1AC9CC32D0A}"
EndProject
Global
	GlobalSection(SolutionConfigurationPlatforms) = preSolution
		Debug|Any CPU = Debug|Any CPU
		Release|Any CPU = Release|Any CPU
	EndGlobalSection
	GlobalSection(ProjectConfigurationPlatforms) = postSolution
		{3E0B87DC-F885-445E-B41B-FAD6C6120519}.Debug|Any CPU.ActiveCfg = Debug|Any CPU
		{3E0B87DC-F885-445E-B41B-FAD6C6120519}.Debug|Any CPU.Build.0 = Debug|Any CPU
		{3E0B87DC-F885-445E-B41B-FAD6C6120519}.Release|Any CPU.ActiveCfg = Release|Any CPU
		{3E0B87DC-F885-445E-B41B-FAD6C6120519}.Release|Any CPU.Build.0 = Release|Any CPU
		{68292991-4580-4997-AAFF-E32077161323}.Debug|Any CPU.ActiveCfg = Debug|Any CPU
		{68292991-4580-4997-AAFF-E32077161323}.Debug|Any CPU.Build.0 = Debug|Any CPU
		{68292991-4580-4997-AAFF-E32077161323}.Release|Any CPU.ActiveCfg = Release|Any CPU
		{68292991-4580-4997-AAFF-E32077161323}.Release|Any CPU.Build.0 = Release|Any CPU
		{826A0060-99A7-4E25-AB21-69710015353E}.Debug|Any CPU.ActiveCfg = Debug|Any CPU
		{826A0060-99A7-4E25-AB21-69710015353E}.Debug|Any CPU.Build.0 = Debug|Any CPU
		{826A0060-99A7-4E25-AB21-69710015353E}.Release|Any CPU.ActiveCfg = Release|Any CPU
		{826A0060-99A7-4E25-AB21-69710015353E}.Release|Any CPU.Build.0 = Release|Any CPU
		{39148646-7D76-4D5A-B8E4-4E582AC3ACEF}.Debug|Any CPU.ActiveCfg = Debug|Any CPU
		{39148646-7D76-4D5A-B8E4-4E582AC3ACEF}.Debug|Any CPU.Build.0 = Debug|Any CPU
		{39148646-7D76-4D5A-B8E4-4E582AC3ACEF}.Release|Any CPU.ActiveCfg = Release|Any CPU
		{39148646-7D76-4D5A-B8E4-4E582AC3ACEF}.Release|Any CPU.Build.0 = Release|Any CPU
		{37CD1B13-6982-45E5-A771-058E944D38E0}.Debug|Any CPU.ActiveCfg = Debug|Any CPU
		{37CD1B13-6982-45E5-A771-058E944D38E0}.Debug|Any CPU.Build.0 = Debug|Any CPU
		{37CD1B13-6982-45E5-A771-058E944D38E0}.Release|Any CPU.ActiveCfg = Release|Any CPU
		{37CD1B13-6982-45E5-A771-058E944D38E0}.Release|Any CPU.Build.0 = Release|Any CPU
		{881FC969-B563-4F33-A555-E1AC9CC32D0A}.Debug|Any CPU.ActiveCfg = Debug|Any CPU
		{881FC969-B563-4F33-A555-E1AC9CC32D0A}.Debug|Any CPU.Build.0 = Debug|Any CPU
		{881FC969-B563-4F33-A555-E1AC9CC32D0A}.Release|Any CPU.ActiveCfg = Release|Any CPU
		{881FC969-B563-4F33-A555-E1AC9CC32D0A}.Release|Any CPU.Build.0 = Release|Any CPU
	EndGlobalSection
	GlobalSection(SolutionProperties) = preSolution
		HideSolutionNode = FALSE
	EndGlobalSection
EndGlobal
